// !$*UTF8*$!
{
	archiveVersion = 1;
	classes = {
	};
	objectVersion = 50;
	objects = {

/* Begin PBXBuildFile section */
		180FC36820B6750A00CE789D /* CollectionViewCell.swift in Sources */ = {isa = PBXBuildFile; fileRef = 180FC36720B6750A00CE789D /* CollectionViewCell.swift */; };
		181CE0E72095A5B000E34022 /* AppDelegate.swift in Sources */ = {isa = PBXBuildFile; fileRef = 181CE0E62095A5B000E34022 /* AppDelegate.swift */; };
		181CE0EC2095A5B000E34022 /* Main.storyboard in Resources */ = {isa = PBXBuildFile; fileRef = 181CE0EA2095A5B000E34022 /* Main.storyboard */; };
		181CE0EE2095A5B200E34022 /* Assets.xcassets in Resources */ = {isa = PBXBuildFile; fileRef = 181CE0ED2095A5B200E34022 /* Assets.xcassets */; };
		181CE0F12095A5B200E34022 /* LaunchScreen.storyboard in Resources */ = {isa = PBXBuildFile; fileRef = 181CE0EF2095A5B200E34022 /* LaunchScreen.storyboard */; };
		181CE0F92095A74100E34022 /* WalktroughPageVC.swift in Sources */ = {isa = PBXBuildFile; fileRef = 181CE0F82095A74100E34022 /* WalktroughPageVC.swift */; };
		184D006620AF9BD00041A96A /* MainManuVC.swift in Sources */ = {isa = PBXBuildFile; fileRef = 184D006520AF9BD00041A96A /* MainManuVC.swift */; };
		1857D6A420A010D900F9DEE5 /* GoogleService-Info.plist in Resources */ = {isa = PBXBuildFile; fileRef = 1857D6A320A010D800F9DEE5 /* GoogleService-Info.plist */; };
		CD1A9B0CCDD209DF1D0BDDB0 /* Pods_PrepCiudadanoMexico.framework in Frameworks */ = {isa = PBXBuildFile; fileRef = EDA905A49A0A4EA6DE997B87 /* Pods_PrepCiudadanoMexico.framework */; };
/* End PBXBuildFile section */

/* Begin PBXFileReference section */
		180FC36720B6750A00CE789D /* CollectionViewCell.swift */ = {isa = PBXFileReference; lastKnownFileType = sourcecode.swift; path = CollectionViewCell.swift; sourceTree = "<group>"; };
		181CE0E32095A5B000E34022 /* PrepCiudadanoMexico.app */ = {isa = PBXFileReference; explicitFileType = wrapper.application; includeInIndex = 0; path = PrepCiudadanoMexico.app; sourceTree = BUILT_PRODUCTS_DIR; };
		181CE0E62095A5B000E34022 /* AppDelegate.swift */ = {isa = PBXFileReference; lastKnownFileType = sourcecode.swift; path = AppDelegate.swift; sourceTree = "<group>"; };
		181CE0EB2095A5B000E34022 /* Base */ = {isa = PBXFileReference; lastKnownFileType = file.storyboard; name = Base; path = Base.lproj/Main.storyboard; sourceTree = "<group>"; };
		181CE0ED2095A5B200E34022 /* Assets.xcassets */ = {isa = PBXFileReference; lastKnownFileType = folder.assetcatalog; path = Assets.xcassets; sourceTree = "<group>"; };
		181CE0F02095A5B200E34022 /* Base */ = {isa = PBXFileReference; lastKnownFileType = file.storyboard; name = Base; path = Base.lproj/LaunchScreen.storyboard; sourceTree = "<group>"; };
		181CE0F22095A5B200E34022 /* Info.plist */ = {isa = PBXFileReference; lastKnownFileType = text.plist.xml; path = Info.plist; sourceTree = "<group>"; };
		181CE0F82095A74100E34022 /* WalktroughPageVC.swift */ = {isa = PBXFileReference; lastKnownFileType = sourcecode.swift; path = WalktroughPageVC.swift; sourceTree = "<group>"; };
		184D006520AF9BD00041A96A /* MainManuVC.swift */ = {isa = PBXFileReference; lastKnownFileType = sourcecode.swift; path = MainManuVC.swift; sourceTree = "<group>"; };
		1857D6A320A010D800F9DEE5 /* GoogleService-Info.plist */ = {isa = PBXFileReference; fileEncoding = 4; lastKnownFileType = text.plist.xml; path = "GoogleService-Info.plist"; sourceTree = "<group>"; };
		2A3213F53895D85B05A91F30 /* Pods-PrepCiudadanoMexico.debug.xcconfig */ = {isa = PBXFileReference; includeInIndex = 1; lastKnownFileType = text.xcconfig; name = "Pods-PrepCiudadanoMexico.debug.xcconfig"; path = "Pods/Target Support Files/Pods-PrepCiudadanoMexico/Pods-PrepCiudadanoMexico.debug.xcconfig"; sourceTree = "<group>"; };
		EDA905A49A0A4EA6DE997B87 /* Pods_PrepCiudadanoMexico.framework */ = {isa = PBXFileReference; explicitFileType = wrapper.framework; includeInIndex = 0; path = Pods_PrepCiudadanoMexico.framework; sourceTree = BUILT_PRODUCTS_DIR; };
		F6F7CFD892545DD4B7147821 /* Pods-PrepCiudadanoMexico.release.xcconfig */ = {isa = PBXFileReference; includeInIndex = 1; lastKnownFileType = text.xcconfig; name = "Pods-PrepCiudadanoMexico.release.xcconfig"; path = "Pods/Target Support Files/Pods-PrepCiudadanoMexico/Pods-PrepCiudadanoMexico.release.xcconfig"; sourceTree = "<group>"; };
/* End PBXFileReference section */

/* Begin PBXFrameworksBuildPhase section */
		181CE0E02095A5B000E34022 /* Frameworks */ = {
			isa = PBXFrameworksBuildPhase;
			buildActionMask = 2147483647;
			files = (
				CD1A9B0CCDD209DF1D0BDDB0 /* Pods_PrepCiudadanoMexico.framework in Frameworks */,
			);
			runOnlyForDeploymentPostprocessing = 0;
		};
/* End PBXFrameworksBuildPhase section */

/* Begin PBXGroup section */
		181CE0DA2095A5B000E34022 = {
			isa = PBXGroup;
			children = (
				181CE0E52095A5B000E34022 /* PrepCiudadanoMexico */,
				181CE0E42095A5B000E34022 /* Products */,
				4B586EF9A6728320731EE316 /* Pods */,
				ACB6AFDC44AFA2C51A671323 /* Frameworks */,
			);
			sourceTree = "<group>";
		};
		181CE0E42095A5B000E34022 /* Products */ = {
			isa = PBXGroup;
			children = (
				181CE0E32095A5B000E34022 /* PrepCiudadanoMexico.app */,
			);
			name = Products;
			sourceTree = "<group>";
		};
		181CE0E52095A5B000E34022 /* PrepCiudadanoMexico */ = {
			isa = PBXGroup;
			children = (
				181CE0E62095A5B000E34022 /* AppDelegate.swift */,
				181CE0F82095A74100E34022 /* WalktroughPageVC.swift */,
				184D006520AF9BD00041A96A /* MainManuVC.swift */,
				181CE0EA2095A5B000E34022 /* Main.storyboard */,
				180FC36720B6750A00CE789D /* CollectionViewCell.swift */,
				181CE0ED2095A5B200E34022 /* Assets.xcassets */,
				181CE0EF2095A5B200E34022 /* LaunchScreen.storyboard */,
				181CE0F22095A5B200E34022 /* Info.plist */,
				1857D6A320A010D800F9DEE5 /* GoogleService-Info.plist */,
			);
			path = PrepCiudadanoMexico;
			sourceTree = "<group>";
		};
		4B586EF9A6728320731EE316 /* Pods */ = {
			isa = PBXGroup;
			children = (
				2A3213F53895D85B05A91F30 /* Pods-PrepCiudadanoMexico.debug.xcconfig */,
				F6F7CFD892545DD4B7147821 /* Pods-PrepCiudadanoMexico.release.xcconfig */,
			);
			name = Pods;
			sourceTree = "<group>";
		};
		ACB6AFDC44AFA2C51A671323 /* Frameworks */ = {
			isa = PBXGroup;
			children = (
				EDA905A49A0A4EA6DE997B87 /* Pods_PrepCiudadanoMexico.framework */,
			);
			name = Frameworks;
			sourceTree = "<group>";
		};
/* End PBXGroup section */

/* Begin PBXNativeTarget section */
		181CE0E22095A5B000E34022 /* PrepCiudadanoMexico */ = {
			isa = PBXNativeTarget;
			buildConfigurationList = 181CE0F52095A5B200E34022 /* Build configuration list for PBXNativeTarget "PrepCiudadanoMexico" */;
			buildPhases = (
				7FB88FF2131DEB5C903B8DF2 /* [CP] Check Pods Manifest.lock */,
				181CE0DF2095A5B000E34022 /* Sources */,
				181CE0E02095A5B000E34022 /* Frameworks */,
				181CE0E12095A5B000E34022 /* Resources */,
				6334B020EE112331567FE0E6 /* [CP] Embed Pods Frameworks */,
			);
			buildRules = (
			);
			dependencies = (
			);
			name = PrepCiudadanoMexico;
			productName = PrepCiudadanoMexico;
			productReference = 181CE0E32095A5B000E34022 /* PrepCiudadanoMexico.app */;
			productType = "com.apple.product-type.application";
		};
/* End PBXNativeTarget section */

/* Begin PBXProject section */
		181CE0DB2095A5B000E34022 /* Project object */ = {
			isa = PBXProject;
			attributes = {
				LastSwiftUpdateCheck = 0930;
				LastUpgradeCheck = 0930;
				ORGANIZATIONNAME = "Juan Villalvazo";
				TargetAttributes = {
					181CE0E22095A5B000E34022 = {
						CreatedOnToolsVersion = 9.3;
					};
				};
			};
			buildConfigurationList = 181CE0DE2095A5B000E34022 /* Build configuration list for PBXProject "PrepCiudadanoMexico" */;
			compatibilityVersion = "Xcode 9.3";
			developmentRegion = en;
			hasScannedForEncodings = 0;
			knownRegions = (
				en,
				Base,
			);
			mainGroup = 181CE0DA2095A5B000E34022;
			productRefGroup = 181CE0E42095A5B000E34022 /* Products */;
			projectDirPath = "";
			projectRoot = "";
			targets = (
				181CE0E22095A5B000E34022 /* PrepCiudadanoMexico */,
			);
		};
/* End PBXProject section */

/* Begin PBXResourcesBuildPhase section */
		181CE0E12095A5B000E34022 /* Resources */ = {
			isa = PBXResourcesBuildPhase;
			buildActionMask = 2147483647;
			files = (
				181CE0F12095A5B200E34022 /* LaunchScreen.storyboard in Resources */,
				1857D6A420A010D900F9DEE5 /* GoogleService-Info.plist in Resources */,
				181CE0EE2095A5B200E34022 /* Assets.xcassets in Resources */,
				181CE0EC2095A5B000E34022 /* Main.storyboard in Resources */,
			);
			runOnlyForDeploymentPostprocessing = 0;
		};
/* End PBXResourcesBuildPhase section */

/* Begin PBXShellScriptBuildPhase section */
		6334B020EE112331567FE0E6 /* [CP] Embed Pods Frameworks */ = {
			isa = PBXShellScriptBuildPhase;
			buildActionMask = 2147483647;
			files = (
			);
			inputPaths = (
				"${SRCROOT}/Pods/Target Support Files/Pods-PrepCiudadanoMexico/Pods-PrepCiudadanoMexico-frameworks.sh",
				"${BUILT_PRODUCTS_DIR}/GTMSessionFetcher/GTMSessionFetcher.framework",
				"${BUILT_PRODUCTS_DIR}/GoogleToolboxForMac/GoogleToolboxForMac.framework",
				"${BUILT_PRODUCTS_DIR}/LBTAComponents/LBTAComponents.framework",
				"${BUILT_PRODUCTS_DIR}/leveldb-library/leveldb.framework",
				"${BUILT_PRODUCTS_DIR}/nanopb/nanopb.framework",
			);
			name = "[CP] Embed Pods Frameworks";
			outputPaths = (
				"${TARGET_BUILD_DIR}/${FRAMEWORKS_FOLDER_PATH}/GTMSessionFetcher.framework",
				"${TARGET_BUILD_DIR}/${FRAMEWORKS_FOLDER_PATH}/GoogleToolboxForMac.framework",
				"${TARGET_BUILD_DIR}/${FRAMEWORKS_FOLDER_PATH}/LBTAComponents.framework",
				"${TARGET_BUILD_DIR}/${FRAMEWORKS_FOLDER_PATH}/leveldb.framework",
				"${TARGET_BUILD_DIR}/${FRAMEWORKS_FOLDER_PATH}/nanopb.framework",
			);
			runOnlyForDeploymentPostprocessing = 0;
			shellPath = /bin/sh;
			shellScript = "\"${SRCROOT}/Pods/Target Support Files/Pods-PrepCiudadanoMexico/Pods-PrepCiudadanoMexico-frameworks.sh\"\n";
			showEnvVarsInLog = 0;
		};
		7FB88FF2131DEB5C903B8DF2 /* [CP] Check Pods Manifest.lock */ = {
			isa = PBXShellScriptBuildPhase;
			buildActionMask = 2147483647;
			files = (
			);
			inputPaths = (
				"${PODS_PODFILE_DIR_PATH}/Podfile.lock",
				"${PODS_ROOT}/Manifest.lock",
			);
			name = "[CP] Check Pods Manifest.lock";
			outputPaths = (
				"$(DERIVED_FILE_DIR)/Pods-PrepCiudadanoMexico-checkManifestLockResult.txt",
			);
			runOnlyForDeploymentPostprocessing = 0;
			shellPath = /bin/sh;
			shellScript = "diff \"${PODS_PODFILE_DIR_PATH}/Podfile.lock\" \"${PODS_ROOT}/Manifest.lock\" > /dev/null\nif [ $? != 0 ] ; then\n    # print error to STDERR\n    echo \"error: The sandbox is not in sync with the Podfile.lock. Run 'pod install' or update your CocoaPods installation.\" >&2\n    exit 1\nfi\n# This output is used by Xcode 'outputs' to avoid re-running this script phase.\necho \"SUCCESS\" > \"${SCRIPT_OUTPUT_FILE_0}\"\n";
			showEnvVarsInLog = 0;
		};
/* End PBXShellScriptBuildPhase section */

/* Begin PBXSourcesBuildPhase section */
		181CE0DF2095A5B000E34022 /* Sources */ = {
			isa = PBXSourcesBuildPhase;
			buildActionMask = 2147483647;
			files = (
				181CE0E72095A5B000E34022 /* AppDelegate.swift in Sources */,
				181CE0F92095A74100E34022 /* WalktroughPageVC.swift in Sources */,
				180FC36820B6750A00CE789D /* CollectionViewCell.swift in Sources */,
				184D006620AF9BD00041A96A /* MainManuVC.swift in Sources */,
			);
			runOnlyForDeploymentPostprocessing = 0;
		};
/* End PBXSourcesBuildPhase section */

/* Begin PBXVariantGroup section */
		181CE0EA2095A5B000E34022 /* Main.storyboard */ = {
			isa = PBXVariantGroup;
			children = (
				181CE0EB2095A5B000E34022 /* Base */,
			);
			name = Main.storyboard;
			sourceTree = "<group>";
		};
		181CE0EF2095A5B200E34022 /* LaunchScreen.storyboard */ = {
			isa = PBXVariantGroup;
			children = (
				181CE0F02095A5B200E34022 /* Base */,
			);
			name = LaunchScreen.storyboard;
			sourceTree = "<group>";
		};
/* End PBXVariantGroup section */

/* Begin XCBuildConfiguration section */
		181CE0F32095A5B200E34022 /* Debug */ = {
			isa = XCBuildConfiguration;
			buildSettings = {
				ALWAYS_SEARCH_USER_PATHS = NO;
				CLANG_ANALYZER_NONNULL = YES;
				CLANG_ANALYZER_NUMBER_OBJECT_CONVERSION = YES_AGGRESSIVE;
				CLANG_CXX_LANGUAGE_STANDARD = "gnu++14";
				CLANG_CXX_LIBRARY = "libc++";
				CLANG_ENABLE_MODULES = YES;
				CLANG_ENABLE_OBJC_ARC = YES;
				CLANG_ENABLE_OBJC_WEAK = YES;
				CLANG_WARN_BLOCK_CAPTURE_AUTORELEASING = YES;
				CLANG_WARN_BOOL_CONVERSION = YES;
				CLANG_WARN_COMMA = YES;
				CLANG_WARN_CONSTANT_CONVERSION = YES;
				CLANG_WARN_DEPRECATED_OBJC_IMPLEMENTATIONS = YES;
				CLANG_WARN_DIRECT_OBJC_ISA_USAGE = YES_ERROR;
				CLANG_WARN_DOCUMENTATION_COMMENTS = YES;
				CLANG_WARN_EMPTY_BODY = YES;
				CLANG_WARN_ENUM_CONVERSION = YES;
				CLANG_WARN_INFINITE_RECURSION = YES;
				CLANG_WARN_INT_CONVERSION = YES;
				CLANG_WARN_NON_LITERAL_NULL_CONVERSION = YES;
				CLANG_WARN_OBJC_IMPLICIT_RETAIN_SELF = YES;
				CLANG_WARN_OBJC_LITERAL_CONVERSION = YES;
				CLANG_WARN_OBJC_ROOT_CLASS = YES_ERROR;
				CLANG_WARN_RANGE_LOOP_ANALYSIS = YES;
				CLANG_WARN_STRICT_PROTOTYPES = YES;
				CLANG_WARN_SUSPICIOUS_MOVE = YES;
				CLANG_WARN_UNGUARDED_AVAILABILITY = YES_AGGRESSIVE;
				CLANG_WARN_UNREACHABLE_CODE = YES;
				CLANG_WARN__DUPLICATE_METHOD_MATCH = YES;
				CODE_SIGN_IDENTITY = "iPhone Developer";
				COPY_PHASE_STRIP = NO;
				DEBUG_INFORMATION_FORMAT = dwarf;
				ENABLE_STRICT_OBJC_MSGSEND = YES;
				ENABLE_TESTABILITY = YES;
				GCC_C_LANGUAGE_STANDARD = gnu11;
				GCC_DYNAMIC_NO_PIC = NO;
				GCC_NO_COMMON_BLOCKS = YES;
				GCC_OPTIMIZATION_LEVEL = 0;
				GCC_PREPROCESSOR_DEFINITIONS = (
					"DEBUG=1",
					"$(inherited)",
				);
				GCC_WARN_64_TO_32_BIT_CONVERSION = YES;
				GCC_WARN_ABOUT_RETURN_TYPE = YES_ERROR;
				GCC_WARN_UNDECLARED_SELECTOR = YES;
				GCC_WARN_UNINITIALIZED_AUTOS = YES_AGGRESSIVE;
				GCC_WARN_UNUSED_FUNCTION = YES;
				GCC_WARN_UNUSED_VARIABLE = YES;
				IPHONEOS_DEPLOYMENT_TARGET = 11.3;
				MTL_ENABLE_DEBUG_INFO = YES;
				ONLY_ACTIVE_ARCH = YES;
				SDKROOT = iphoneos;
				SWIFT_ACTIVE_COMPILATION_CONDITIONS = DEBUG;
				SWIFT_OPTIMIZATION_LEVEL = "-Onone";
			};
			name = Debug;
		};
		181CE0F42095A5B200E34022 /* Release */ = {
			isa = XCBuildConfiguration;
			buildSettings = {
				ALWAYS_SEARCH_USER_PATHS = NO;
				CLANG_ANALYZER_NONNULL = YES;
				CLANG_ANALYZER_NUMBER_OBJECT_CONVERSION = YES_AGGRESSIVE;
				CLANG_CXX_LANGUAGE_STANDARD = "gnu++14";
				CLANG_CXX_LIBRARY = "libc++";
				CLANG_ENABLE_MODULES = YES;
				CLANG_ENABLE_OBJC_ARC = YES;
				CLANG_ENABLE_OBJC_WEAK = YES;
				CLANG_WARN_BLOCK_CAPTURE_AUTORELEASING = YES;
				CLANG_WARN_BOOL_CONVERSION = YES;
				CLANG_WARN_COMMA = YES;
				CLANG_WARN_CONSTANT_CONVERSION = YES;
				CLANG_WARN_DEPRECATED_OBJC_IMPLEMENTATIONS = YES;
				CLANG_WARN_DIRECT_OBJC_ISA_USAGE = YES_ERROR;
				CLANG_WARN_DOCUMENTATION_COMMENTS = YES;
				CLANG_WARN_EMPTY_BODY = YES;
				CLANG_WARN_ENUM_CONVERSION = YES;
				CLANG_WARN_INFINITE_RECURSION = YES;
				CLANG_WARN_INT_CONVERSION = YES;
				CLANG_WARN_NON_LITERAL_NULL_CONVERSION = YES;
				CLANG_WARN_OBJC_IMPLICIT_RETAIN_SELF = YES;
				CLANG_WARN_OBJC_LITERAL_CONVERSION = YES;
				CLANG_WARN_OBJC_ROOT_CLASS = YES_ERROR;
				CLANG_WARN_RANGE_LOOP_ANALYSIS = YES;
				CLANG_WARN_STRICT_PROTOTYPES = YES;
				CLANG_WARN_SUSPICIOUS_MOVE = YES;
				CLANG_WARN_UNGUARDED_AVAILABILITY = YES_AGGRESSIVE;
				CLANG_WARN_UNREACHABLE_CODE = YES;
				CLANG_WARN__DUPLICATE_METHOD_MATCH = YES;
				CODE_SIGN_IDENTITY = "iPhone Developer";
				COPY_PHASE_STRIP = NO;
				DEBUG_INFORMATION_FORMAT = "dwarf-with-dsym";
				ENABLE_NS_ASSERTIONS = NO;
				ENABLE_STRICT_OBJC_MSGSEND = YES;
				GCC_C_LANGUAGE_STANDARD = gnu11;
				GCC_NO_COMMON_BLOCKS = YES;
				GCC_WARN_64_TO_32_BIT_CONVERSION = YES;
				GCC_WARN_ABOUT_RETURN_TYPE = YES_ERROR;
				GCC_WARN_UNDECLARED_SELECTOR = YES;
				GCC_WARN_UNINITIALIZED_AUTOS = YES_AGGRESSIVE;
				GCC_WARN_UNUSED_FUNCTION = YES;
				GCC_WARN_UNUSED_VARIABLE = YES;
				IPHONEOS_DEPLOYMENT_TARGET = 11.3;
				MTL_ENABLE_DEBUG_INFO = NO;
				SDKROOT = iphoneos;
				SWIFT_COMPILATION_MODE = wholemodule;
				SWIFT_OPTIMIZATION_LEVEL = "-O";
				VALIDATE_PRODUCT = YES;
			};
			name = Release;
		};
		181CE0F62095A5B200E34022 /* Debug */ = {
			isa = XCBuildConfiguration;
			baseConfigurationReference = 2A3213F53895D85B05A91F30 /* Pods-PrepCiudadanoMexico.debug.xcconfig */;
			buildSettings = {
				ASSETCATALOG_COMPILER_APPICON_NAME = AppIcon;
				CODE_SIGN_STYLE = Automatic;
				DEVELOPMENT_TEAM = 5Y2A2F444P;
				INFOPLIST_FILE = PrepCiudadanoMexico/Info.plist;
				LD_RUNPATH_SEARCH_PATHS = (
					"$(inherited)",
					"@executable_path/Frameworks",
				);
				PRODUCT_BUNDLE_IDENTIFIER = com.garnachasoft.PrepCiudadanoMexico;
				PRODUCT_NAME = "$(TARGET_NAME)";
				SWIFT_VERSION = 4.0;
				TARGETED_DEVICE_FAMILY = "1,2";
			};
			name = Debug;
		};
		181CE0F72095A5B200E34022 /* Release */ = {
			isa = XCBuildConfiguration;
			baseConfigurationReference = F6F7CFD892545DD4B7147821 /* Pods-PrepCiudadanoMexico.release.xcconfig */;
			buildSettings = {
				ASSETCATALOG_COMPILER_APPICON_NAME = AppIcon;
				CODE_SIGN_STYLE = Automatic;
				DEVELOPMENT_TEAM = 5Y2A2F444P;
				INFOPLIST_FILE = PrepCiudadanoMexico/Info.plist;
				LD_RUNPATH_SEARCH_PATHS = (
					"$(inherited)",
					"@executable_path/Frameworks",
				);
				PRODUCT_BUNDLE_IDENTIFIER = com.garnachasoft.PrepCiudadanoMexico;
				PRODUCT_NAME = "$(TARGET_NAME)";
				SWIFT_VERSION = 4.0;
				TARGETED_DEVICE_FAMILY = "1,2";
			};
			name = Release;
		};
/* End XCBuildConfiguration section */

/* Begin XCConfigurationList section */
		181CE0DE2095A5B000E34022 /* Build configuration list for PBXProject "PrepCiudadanoMexico" */ = {
			isa = XCConfigurationList;
			buildConfigurations = (
				181CE0F32095A5B200E34022 /* Debug */,
				181CE0F42095A5B200E34022 /* Release */,
			);
			defaultConfigurationIsVisible = 0;
			defaultConfigurationName = Release;
		};
		181CE0F52095A5B200E34022 /* Build configuration list for PBXNativeTarget "PrepCiudadanoMexico" */ = {
			isa = XCConfigurationList;
			buildConfigurations = (
				181CE0F62095A5B200E34022 /* Debug */,
				181CE0F72095A5B200E34022 /* Release */,
			);
			defaultConfigurationIsVisible = 0;
			defaultConfigurationName = Release;
		};
/* End XCConfigurationList section */
	};
	rootObject = 181CE0DB2095A5B000E34022 /* Project object */;
}
